{
    "name": "inspire-schemas",
    "version": "61.3.2",
    "lockfileVersion": 2,
    "requires": true,
    "packages": {
        "": {
            "name": "inspire-schemas",
            "version": "61.3.2",
            "license": "MIT",
            "devDependencies": {
                "@rollup/plugin-json": "^4.0.3",
                "json-schema-faker": "^0.4.1",
                "moment": "^2.19.1",
                "rollup": "^2.11.2"
            }
        },
        "node_modules/@rollup/plugin-json": {
            "version": "4.0.3",
            "resolved": "https://registry.npmjs.org/@rollup/plugin-json/-/plugin-json-4.0.3.tgz",
            "integrity": "sha512-QMUT0HZNf4CX17LMdwaslzlYHUKTYGuuk34yYIgZrNdu+pMEfqMS55gck7HEeHBKXHM4cz5Dg1OVwythDdbbuQ==",
            "dev": true,
            "dependencies": {
                "@rollup/pluginutils": "^3.0.8"
            },
            "peerDependencies": {
                "rollup": "^1.20.0 || ^2.0.0"
            }
        },
        "node_modules/@rollup/pluginutils": {
            "version": "3.0.10",
            "resolved": "https://registry.npmjs.org/@rollup/pluginutils/-/pluginutils-3.0.10.tgz",
            "integrity": "sha512-d44M7t+PjmMrASHbhgpSbVgtL6EFyX7J4mYxwQ/c5eoaE6N2VgCgEcWVzNnwycIloti+/MpwFr8qfw+nRw00sw==",
            "dev": true,
            "dependencies": {
                "@types/estree": "0.0.39",
                "estree-walker": "^1.0.1",
                "picomatch": "^2.2.2"
            },
            "engines": {
                "node": ">= 8.0.0"
            },
            "peerDependencies": {
                "rollup": "^1.20.0||^2.0.0"
            }
        },
        "node_modules/@types/estree": {
            "version": "0.0.39",
            "resolved": "https://registry.npmjs.org/@types/estree/-/estree-0.0.39.tgz",
            "integrity": "sha512-EYNwp3bU+98cpU4lAWYYL7Zz+2gryWH1qbdDTidVd6hkiR6weksdbMadyXKXNPEkQFhXM+hVO9ZygomHXp+AIw==",
            "dev": true
        },
        "node_modules/chance": {
            "version": "1.1.6",
            "resolved": "https://registry.npmjs.org/chance/-/chance-1.1.6.tgz",
            "integrity": "sha512-DXLzaGjasDWbvlFAJyQBIwlzdQZuPdz4of9TTTxmHTjja88ZU/vBwUwxxjalSt43zWTPrhiJT0z0N4bZqfZS9w==",
            "dev": true
        },
        "node_modules/deep-extend": {
            "version": "0.6.0",
            "resolved": "https://registry.npmjs.org/deep-extend/-/deep-extend-0.6.0.tgz",
            "integrity": "sha512-LOHxIOaPYdHlJRtCQfDIVZtfw/ufM8+rVj649RIHzcm/vGwQRXFt6OPqIFWsm2XEMrNIEtWR64sY1LEKD2vAOA==",
            "dev": true,
            "engines": {
                "node": ">=4.0.0"
            }
        },
        "node_modules/deref": {
            "version": "0.7.6",
            "resolved": "https://registry.npmjs.org/deref/-/deref-0.7.6.tgz",
            "integrity": "sha512-8en95BZvFIHY+G4bnW1292qFfubV7NSogpoBNJFCbbSPEvRGKkOfMRgVhl3AtXSdxpRQ6WMuZhMVIlpFVBB3AA==",
            "dev": true,
            "dependencies": {
                "deep-extend": "^0.6.0"
            }
        },
        "node_modules/drange": {
            "version": "1.1.1",
            "resolved": "https://registry.npmjs.org/drange/-/drange-1.1.1.tgz",
            "integrity": "sha512-pYxfDYpued//QpnLIm4Avk7rsNtAtQkUES2cwAYSvD/wd2pKD71gN2Ebj3e7klzXwjocvE8c5vx/1fxwpqmSxA==",
            "dev": true,
            "engines": {
                "node": ">=4"
            }
        },
        "node_modules/estree-walker": {
            "version": "1.0.1",
            "resolved": "https://registry.npmjs.org/estree-walker/-/estree-walker-1.0.1.tgz",
            "integrity": "sha512-1fMXF3YP4pZZVozF8j/ZLfvnR8NSIljt56UhbZ5PeeDmmGHpgpdwQt7ITlGvYaQukCvuBRMLEiKiYC+oeIg4cg==",
            "dev": true
        },
        "node_modules/faker": {
            "version": "4.1.0",
            "resolved": "https://registry.npmjs.org/faker/-/faker-4.1.0.tgz",
            "integrity": "sha1-HkW7vsxndLPBlfrSg1EJxtdIzD8=",
            "dev": true
        },
        "node_modules/fsevents": {
            "version": "2.1.3",
            "resolved": "https://registry.npmjs.org/fsevents/-/fsevents-2.1.3.tgz",
            "integrity": "sha512-Auw9a4AxqWpa9GUfj370BMPzzyncfBABW8Mab7BGWBYDj4Isgq+cDKtx0i6u9jcX9pQDnswsaaOTgTmA5pEjuQ==",
            "deprecated": "\"Please update to latest v2.3 or v2.2\"",
            "dev": true,
            "hasInstallScript": true,
            "optional": true,
            "os": [
                "darwin"
            ],
            "engines": {
                "node": "^8.16.0 || ^10.6.0 || >=11.0.0"
            }
        },
        "node_modules/json-schema-faker": {
            "version": "0.4.7",
            "resolved": "https://registry.npmjs.org/json-schema-faker/-/json-schema-faker-0.4.7.tgz",
            "integrity": "sha512-xB1OVebUsCxW1BWVGFhRL0RHTdOz0js13CAp7OOXp5/s02wwxj+K9/QGK/9918+CKj7qpeqVZjMpGgmVsOTvmQ==",
            "dev": true,
            "dependencies": {
                "chance": "^1.0.11",
                "deref": "^0.7.0",
                "faker": "^4.1.0",
                "randexp": "^0.4.6",
                "tslib": "^1.8.0"
            }
        },
        "node_modules/moment": {
            "version": "2.26.0",
            "resolved": "https://registry.npmjs.org/moment/-/moment-2.26.0.tgz",
            "integrity": "sha512-oIixUO+OamkUkwjhAVE18rAMfRJNsNe/Stid/gwHSOfHrOtw9EhAY2AHvdKZ/k/MggcYELFCJz/Sn2pL8b8JMw==",
            "dev": true,
            "engines": {
                "node": "*"
            }
        },
        "node_modules/picomatch": {
            "version": "2.2.2",
            "resolved": "https://registry.npmjs.org/picomatch/-/picomatch-2.2.2.tgz",
            "integrity": "sha512-q0M/9eZHzmr0AulXyPwNfZjtwZ/RBZlbN3K3CErVrk50T2ASYI7Bye0EvekFY3IP1Nt2DHu0re+V2ZHIpMkuWg==",
            "dev": true,
            "engines": {
                "node": ">=8.6"
            },
            "funding": {
                "url": "https://github.com/sponsors/jonschlinkert"
            }
        },
        "node_modules/randexp": {
            "version": "0.4.9",
            "resolved": "https://registry.npmjs.org/randexp/-/randexp-0.4.9.tgz",
            "integrity": "sha512-maAX1cnBkzIZ89O4tSQUOF098xjGMC8N+9vuY/WfHwg87THw6odD2Br35donlj5e6KnB1SB0QBHhTQhhDHuTPQ==",
            "dev": true,
            "dependencies": {
                "drange": "^1.0.0",
                "ret": "^0.2.0"
            },
            "engines": {
                "node": ">=4"
            }
        },
        "node_modules/ret": {
            "version": "0.2.2",
            "resolved": "https://registry.npmjs.org/ret/-/ret-0.2.2.tgz",
            "integrity": "sha512-M0b3YWQs7R3Z917WRQy1HHA7Ba7D8hvZg6UE5mLykJxQVE2ju0IXbGlaHPPlkY+WN7wFP+wUMXmBFA0aV6vYGQ==",
            "dev": true,
            "engines": {
                "node": ">=4"
            }
        },
        "node_modules/rollup": {
            "version": "2.11.2",
            "resolved": "https://registry.npmjs.org/rollup/-/rollup-2.11.2.tgz",
            "integrity": "sha512-pJT6mfH+/gh1sOWyNMAWxjbYGL5x2AfsaR0SWLRwq2e7vxOKt/0mBjtYDTVYF8JXxVzmnuDzA+EpsPLWt/oyrg==",
            "dev": true,
            "bin": {
                "rollup": "dist/bin/rollup"
            },
            "engines": {
                "node": ">=10.0.0"
            },
            "optionalDependencies": {
                "fsevents": "~2.1.2"
            }
        },
        "node_modules/tslib": {
            "version": "1.13.0",
            "resolved": "https://registry.npmjs.org/tslib/-/tslib-1.13.0.tgz",
            "integrity": "sha512-i/6DQjL8Xf3be4K/E6Wgpekn5Qasl1usyw++dAA35Ue5orEn65VIxOA+YvNNl9HV3qv70T7CNwjODHZrLwvd1Q==",
            "dev": true
        }
    },
    "dependencies": {
        "@rollup/plugin-json": {
            "version": "4.0.3",
            "resolved": "https://registry.npmjs.org/@rollup/plugin-json/-/plugin-json-4.0.3.tgz",
            "integrity": "sha512-QMUT0HZNf4CX17LMdwaslzlYHUKTYGuuk34yYIgZrNdu+pMEfqMS55gck7HEeHBKXHM4cz5Dg1OVwythDdbbuQ==",
            "dev": true,
            "requires": {
                "@rollup/pluginutils": "^3.0.8"
            }
        },
        "@rollup/pluginutils": {
            "version": "3.0.10",
            "resolved": "https://registry.npmjs.org/@rollup/pluginutils/-/pluginutils-3.0.10.tgz",
            "integrity": "sha512-d44M7t+PjmMrASHbhgpSbVgtL6EFyX7J4mYxwQ/c5eoaE6N2VgCgEcWVzNnwycIloti+/MpwFr8qfw+nRw00sw==",
            "dev": true,
            "requires": {
                "@types/estree": "0.0.39",
                "estree-walker": "^1.0.1",
                "picomatch": "^2.2.2"
            }
        },
        "@types/estree": {
            "version": "0.0.39",
            "resolved": "https://registry.npmjs.org/@types/estree/-/estree-0.0.39.tgz",
            "integrity": "sha512-EYNwp3bU+98cpU4lAWYYL7Zz+2gryWH1qbdDTidVd6hkiR6weksdbMadyXKXNPEkQFhXM+hVO9ZygomHXp+AIw==",
            "dev": true
        },
        "chance": {
            "version": "1.1.6",
            "resolved": "https://registry.npmjs.org/chance/-/chance-1.1.6.tgz",
            "integrity": "sha512-DXLzaGjasDWbvlFAJyQBIwlzdQZuPdz4of9TTTxmHTjja88ZU/vBwUwxxjalSt43zWTPrhiJT0z0N4bZqfZS9w==",
            "dev": true
        },
        "deep-extend": {
            "version": "0.6.0",
            "resolved": "https://registry.npmjs.org/deep-extend/-/deep-extend-0.6.0.tgz",
            "integrity": "sha512-LOHxIOaPYdHlJRtCQfDIVZtfw/ufM8+rVj649RIHzcm/vGwQRXFt6OPqIFWsm2XEMrNIEtWR64sY1LEKD2vAOA==",
            "dev": true
        },
        "deref": {
            "version": "0.7.6",
            "resolved": "https://registry.npmjs.org/deref/-/deref-0.7.6.tgz",
            "integrity": "sha512-8en95BZvFIHY+G4bnW1292qFfubV7NSogpoBNJFCbbSPEvRGKkOfMRgVhl3AtXSdxpRQ6WMuZhMVIlpFVBB3AA==",
            "dev": true,
            "requires": {
                "deep-extend": "^0.6.0"
            }
        },
        "drange": {
            "version": "1.1.1",
            "resolved": "https://registry.npmjs.org/drange/-/drange-1.1.1.tgz",
            "integrity": "sha512-pYxfDYpued//QpnLIm4Avk7rsNtAtQkUES2cwAYSvD/wd2pKD71gN2Ebj3e7klzXwjocvE8c5vx/1fxwpqmSxA==",
            "dev": true
        },
        "estree-walker": {
            "version": "1.0.1",
            "resolved": "https://registry.npmjs.org/estree-walker/-/estree-walker-1.0.1.tgz",
            "integrity": "sha512-1fMXF3YP4pZZVozF8j/ZLfvnR8NSIljt56UhbZ5PeeDmmGHpgpdwQt7ITlGvYaQukCvuBRMLEiKiYC+oeIg4cg==",
            "dev": true
        },
        "faker": {
            "version": "4.1.0",
            "resolved": "https://registry.npmjs.org/faker/-/faker-4.1.0.tgz",
            "integrity": "sha1-HkW7vsxndLPBlfrSg1EJxtdIzD8=",
            "dev": true
        },
        "fsevents": {
            "version": "2.1.3",
            "resolved": "https://registry.npmjs.org/fsevents/-/fsevents-2.1.3.tgz",
            "integrity": "sha512-Auw9a4AxqWpa9GUfj370BMPzzyncfBABW8Mab7BGWBYDj4Isgq+cDKtx0i6u9jcX9pQDnswsaaOTgTmA5pEjuQ==",
            "dev": true,
            "optional": true
        },
        "json-schema-faker": {
            "version": "0.4.7",
            "resolved": "https://registry.npmjs.org/json-schema-faker/-/json-schema-faker-0.4.7.tgz",
            "integrity": "sha512-xB1OVebUsCxW1BWVGFhRL0RHTdOz0js13CAp7OOXp5/s02wwxj+K9/QGK/9918+CKj7qpeqVZjMpGgmVsOTvmQ==",
            "dev": true,
            "requires": {
                "chance": "^1.0.11",
                "deref": "^0.7.0",
                "faker": "^4.1.0",
                "randexp": "^0.4.6",
                "tslib": "^1.8.0"
            }
        },
        "moment": {
            "version": "2.26.0",
            "resolved": "https://registry.npmjs.org/moment/-/moment-2.26.0.tgz",
            "integrity": "sha512-oIixUO+OamkUkwjhAVE18rAMfRJNsNe/Stid/gwHSOfHrOtw9EhAY2AHvdKZ/k/MggcYELFCJz/Sn2pL8b8JMw==",
            "dev": true
        },
        "picomatch": {
            "version": "2.2.2",
            "resolved": "https://registry.npmjs.org/picomatch/-/picomatch-2.2.2.tgz",
            "integrity": "sha512-q0M/9eZHzmr0AulXyPwNfZjtwZ/RBZlbN3K3CErVrk50T2ASYI7Bye0EvekFY3IP1Nt2DHu0re+V2ZHIpMkuWg==",
            "dev": true
        },
        "randexp": {
            "version": "0.4.9",
            "resolved": "https://registry.npmjs.org/randexp/-/randexp-0.4.9.tgz",
            "integrity": "sha512-maAX1cnBkzIZ89O4tSQUOF098xjGMC8N+9vuY/WfHwg87THw6odD2Br35donlj5e6KnB1SB0QBHhTQhhDHuTPQ==",
            "dev": true,
            "requires": {
                "drange": "^1.0.0",
                "ret": "^0.2.0"
            }
        },
        "ret": {
            "version": "0.2.2",
            "resolved": "https://registry.npmjs.org/ret/-/ret-0.2.2.tgz",
            "integrity": "sha512-M0b3YWQs7R3Z917WRQy1HHA7Ba7D8hvZg6UE5mLykJxQVE2ju0IXbGlaHPPlkY+WN7wFP+wUMXmBFA0aV6vYGQ==",
            "dev": true
        },
        "rollup": {
            "version": "2.11.2",
            "resolved": "https://registry.npmjs.org/rollup/-/rollup-2.11.2.tgz",
            "integrity": "sha512-pJT6mfH+/gh1sOWyNMAWxjbYGL5x2AfsaR0SWLRwq2e7vxOKt/0mBjtYDTVYF8JXxVzmnuDzA+EpsPLWt/oyrg==",
            "dev": true,
            "requires": {
                "fsevents": "~2.1.2"
            }
        },
        "tslib": {
            "version": "1.13.0",
            "resolved": "https://registry.npmjs.org/tslib/-/tslib-1.13.0.tgz",
            "integrity": "sha512-i/6DQjL8Xf3be4K/E6Wgpekn5Qasl1usyw++dAA35Ue5orEn65VIxOA+YvNNl9HV3qv70T7CNwjODHZrLwvd1Q==",
            "dev": true
        }
    }
}
